# THIS IS AN AUTOGENERATED FILE. DO NOT EDIT THIS FILE DIRECTLY.
# yarn lockfile v1


"@types/prop-types@*":
  version "15.7.2"
  resolved "https://registry.yarnpkg.com/@types/prop-types/-/prop-types-15.7.2.tgz#0e58ae66773d7fd7c372a493aff740878ec9ceaa"
  integrity sha512-f8JzJNWVhKtc9dg/dyDNfliTKNOJSLa7Oht/ElZdF/UbMUmAH3rLmAk3ODNjw0mZajDEgatA03tRjB4+Dp/tzA==

"@types/react-native-material-ui@^1.32.0":
  version "1.32.0"
  resolved "https://registry.yarnpkg.com/@types/react-native-material-ui/-/react-native-material-ui-1.32.0.tgz#5aa02184a1b91e9bdf20f531dea3d156edf9bbad"
  integrity sha512-CW0GHfr0fvvYFJrPqvNud9rFushP0t5k5iYfpW8lQIUPjHV9731JRUbN/dY1iBrlZKiK0UP4PyztuTgkIWsMMg==
  dependencies:
    "@types/react" "*"
    "@types/react-native" "*"

"@types/react-native@*":
  version "0.60.14"
  resolved "https://registry.yarnpkg.com/@types/react-native/-/react-native-0.60.14.tgz#76b07b97127a563ec0c996848925f81fcee1320b"
  integrity sha512-8P00PR0TjAZij5VXLYL5pj1ZBYZxY9+Jh2R4iC1daCLaLFkLJ2ceP7WwNhl4PKZyifx0ENJGrt7yClRZGd9Pcw==
  dependencies:
    "@types/prop-types" "*"
    "@types/react" "*"

"@types/react@*":
  version "16.9.2"
  resolved "https://registry.yarnpkg.com/@types/react/-/react-16.9.2.tgz#6d1765431a1ad1877979013906731aae373de268"
  integrity sha512-jYP2LWwlh+FTqGd9v7ynUKZzjj98T8x7Yclz479QdRhHfuW9yQ+0jjnD31eXSXutmBpppj5PYNLYLRfnZJvcfg==
  dependencies:
    "@types/prop-types" "*"
    csstype "^2.2.0"

csstype@^2.2.0:
  version "2.6.6"
  resolved "https://registry.yarnpkg.com/csstype/-/csstype-2.6.6.tgz#c34f8226a94bbb10c32cc0d714afdf942291fc41"
  integrity sha512-RpFbQGUE74iyPgvr46U9t1xoQBM8T4BL8SxrN66Le2xYAPSaDJJKeztV3awugusb3g3G9iL8StmkBBXhcbbXhg==
